
Microsoft Visual Studio Solution File, Format Version 12.00
# Visual Studio Version 17
VisualStudioVersion = 17.7.34018.315
MinimumVisualStudioVersion = 10.0.40219.1
Project("{FAE04EC0-301F-11D3-BF4B-00C04F79EFBC}") = "TARpe21ShopMalter", "TARpe21Malter\TARpe21ShopMalter.csproj", "{D5B58D7D-4B10-48BD-8F2D-6224AB30CB97}"
EndProject
Project("{FAE04EC0-301F-11D3-BF4B-00C04F79EFBC}") = "TARpe21ShopMalter.Core", "TARpe21Malter.Core\TARpe21ShopMalter.Core.csproj", "{7332A4E9-BCDC-4D30-B8FA-EAF94AFF641A}"
EndProject
Project("{FAE04EC0-301F-11D3-BF4B-00C04F79EFBC}") = "TARpe21ShopMalter.Data", "TARpe21Malter.Data\TARpe21ShopMalter.Data.csproj", "{74E15DD7-D285-409E-BF6E-B81C97D6796B}"
EndProject
Project("{FAE04EC0-301F-11D3-BF4B-00C04F79EFBC}") = "TARpe21ShopMalter.ApplicationServices", "TARpe21Malter.ApplicationServices\TARpe21ShopMalter.ApplicationServices.csproj", "{E9B85E33-59C8-43F7-98A9-F42BD69D5193}"
EndProject
Global
	GlobalSection(SolutionConfigurationPlatforms) = preSolution
		Debug|Any CPU = Debug|Any CPU
		Release|Any CPU = Release|Any CPU
	EndGlobalSection
	GlobalSection(ProjectConfigurationPlatforms) = postSolution
		{D5B58D7D-4B10-48BD-8F2D-6224AB30CB97}.Debug|Any CPU.ActiveCfg = Debug|Any CPU
		{D5B58D7D-4B10-48BD-8F2D-6224AB30CB97}.Debug|Any CPU.Build.0 = Debug|Any CPU
		{D5B58D7D-4B10-48BD-8F2D-6224AB30CB97}.Release|Any CPU.ActiveCfg = Release|Any CPU
		{D5B58D7D-4B10-48BD-8F2D-6224AB30CB97}.Release|Any CPU.Build.0 = Release|Any CPU
		{7332A4E9-BCDC-4D30-B8FA-EAF94AFF641A}.Debug|Any CPU.ActiveCfg = Debug|Any CPU
		{7332A4E9-BCDC-4D30-B8FA-EAF94AFF641A}.Debug|Any CPU.Build.0 = Debug|Any CPU
		{7332A4E9-BCDC-4D30-B8FA-EAF94AFF641A}.Release|Any CPU.ActiveCfg = Release|Any CPU
		{7332A4E9-BCDC-4D30-B8FA-EAF94AFF641A}.Release|Any CPU.Build.0 = Release|Any CPU
		{74E15DD7-D285-409E-BF6E-B81C97D6796B}.Debug|Any CPU.ActiveCfg = Debug|Any CPU
		{74E15DD7-D285-409E-BF6E-B81C97D6796B}.Debug|Any CPU.Build.0 = Debug|Any CPU
		{74E15DD7-D285-409E-BF6E-B81C97D6796B}.Release|Any CPU.ActiveCfg = Release|Any CPU
		{74E15DD7-D285-409E-BF6E-B81C97D6796B}.Release|Any CPU.Build.0 = Release|Any CPU
		{E9B85E33-59C8-43F7-98A9-F42BD69D5193}.Debug|Any CPU.ActiveCfg = Debug|Any CPU
		{E9B85E33-59C8-43F7-98A9-F42BD69D5193}.Debug|Any CPU.Build.0 = Debug|Any CPU
		{E9B85E33-59C8-43F7-98A9-F42BD69D5193}.Release|Any CPU.ActiveCfg = Release|Any CPU
		{E9B85E33-59C8-43F7-98A9-F42BD69D5193}.Release|Any CPU.Build.0 = Release|Any CPU
	EndGlobalSection
	GlobalSection(SolutionProperties) = preSolution
		HideSolutionNode = FALSE
	EndGlobalSection
	GlobalSection(ExtensibilityGlobals) = postSolution
		SolutionGuid = {F7D7D2C3-5B32-457E-927B-5A2F7E6D3A4E}
	EndGlobalSection
EndGlobal
